
Microsoft Visual Studio Solution File, Format Version 12.00
# Visual Studio Version 16
VisualStudioVersion = 16.0.33927.289
MinimumVisualStudioVersion = 10.0.40219.1
Project("{FAE04EC0-301F-11D3-BF4B-00C04F79EFBC}") = "elso", "elso\elso.csproj", "{D97B5823-F91A-42D9-9C92-0395DD531F18}"
EndProject
Global
	GlobalSection(SolutionConfigurationPlatforms) = preSolution
		Debug|Any CPU = Debug|Any CPU
		Release|Any CPU = Release|Any CPU
	EndGlobalSection
	GlobalSection(ProjectConfigurationPlatforms) = postSolution
		{D97B5823-F91A-42D9-9C92-0395DD531F18}.Debug|Any CPU.ActiveCfg = Debug|Any CPU
		{D97B5823-F91A-42D9-9C92-0395DD531F18}.Debug|Any CPU.Build.0 = Debug|Any CPU
		{D97B5823-F91A-42D9-9C92-0395DD531F18}.Release|Any CPU.ActiveCfg = Release|Any CPU
		{D97B5823-F91A-42D9-9C92-0395DD531F18}.Release|Any CPU.Build.0 = Release|Any CPU
	EndGlobalSection
	GlobalSection(SolutionProperties) = preSolution
		HideSolutionNode = FALSE
	EndGlobalSection
	GlobalSection(ExtensibilityGlobals) = postSolution
		SolutionGuid = {84B2A88A-EE0D-48D9-9263-DCC82479B5EC}
	EndGlobalSection
EndGlobal
