
Microsoft Visual Studio Solution File, Format Version 12.00
# Visual Studio Version 17
VisualStudioVersion = 17.7.34031.279
MinimumVisualStudioVersion = 10.0.40219.1
Project("{FAE04EC0-301F-11D3-BF4B-00C04F79EFBC}") = "eles1", "eles1\eles1.csproj", "{691A4DFE-C052-404E-A171-D8458EE3C970}"
EndProject
Global
	GlobalSection(SolutionConfigurationPlatforms) = preSolution
		Debug|Any CPU = Debug|Any CPU
		Release|Any CPU = Release|Any CPU
	EndGlobalSection
	GlobalSection(ProjectConfigurationPlatforms) = postSolution
		{691A4DFE-C052-404E-A171-D8458EE3C970}.Debug|Any CPU.ActiveCfg = Debug|Any CPU
		{691A4DFE-C052-404E-A171-D8458EE3C970}.Debug|Any CPU.Build.0 = Debug|Any CPU
		{691A4DFE-C052-404E-A171-D8458EE3C970}.Release|Any CPU.ActiveCfg = Release|Any CPU
		{691A4DFE-C052-404E-A171-D8458EE3C970}.Release|Any CPU.Build.0 = Release|Any CPU
	EndGlobalSection
	GlobalSection(SolutionProperties) = preSolution
		HideSolutionNode = FALSE
	EndGlobalSection
	GlobalSection(ExtensibilityGlobals) = postSolution
		SolutionGuid = {0EBE750D-DD27-4A61-B794-29F665439C9C}
	EndGlobalSection
EndGlobal
