
Microsoft Visual Studio Solution File, Format Version 12.00
# Visual Studio Version 17
VisualStudioVersion = 17.7.34031.279
MinimumVisualStudioVersion = 10.0.40219.1
Project("{FAE04EC0-301F-11D3-BF4B-00C04F79EFBC}") = "szit.hu", "szit.hu\szit.hu.csproj", "{882518F7-608F-444F-BA38-7BC54E733F55}"
EndProject
Global
	GlobalSection(SolutionConfigurationPlatforms) = preSolution
		Debug|Any CPU = Debug|Any CPU
		Release|Any CPU = Release|Any CPU
	EndGlobalSection
	GlobalSection(ProjectConfigurationPlatforms) = postSolution
		{882518F7-608F-444F-BA38-7BC54E733F55}.Debug|Any CPU.ActiveCfg = Debug|Any CPU
		{882518F7-608F-444F-BA38-7BC54E733F55}.Debug|Any CPU.Build.0 = Debug|Any CPU
		{882518F7-608F-444F-BA38-7BC54E733F55}.Release|Any CPU.ActiveCfg = Release|Any CPU
		{882518F7-608F-444F-BA38-7BC54E733F55}.Release|Any CPU.Build.0 = Release|Any CPU
	EndGlobalSection
	GlobalSection(SolutionProperties) = preSolution
		HideSolutionNode = FALSE
	EndGlobalSection
	GlobalSection(ExtensibilityGlobals) = postSolution
		SolutionGuid = {BE935A1B-317F-404E-83C9-C7ECE29E6014}
	EndGlobalSection
EndGlobal
