
Microsoft Visual Studio Solution File, Format Version 12.00
# Visual Studio Version 17
VisualStudioVersion = 17.7.34024.191
MinimumVisualStudioVersion = 10.0.40219.1
Project("{FAE04EC0-301F-11D3-BF4B-00C04F79EFBC}") = "termesfigyelo 0832", "termesfigyelo 0832\termesfigyelo 0832.csproj", "{1B63A3AD-D771-4135-902E-A21CEBA9D87C}"
EndProject
Global
	GlobalSection(SolutionConfigurationPlatforms) = preSolution
		Debug|Any CPU = Debug|Any CPU
		Release|Any CPU = Release|Any CPU
	EndGlobalSection
	GlobalSection(ProjectConfigurationPlatforms) = postSolution
		{1B63A3AD-D771-4135-902E-A21CEBA9D87C}.Debug|Any CPU.ActiveCfg = Debug|Any CPU
		{1B63A3AD-D771-4135-902E-A21CEBA9D87C}.Debug|Any CPU.Build.0 = Debug|Any CPU
		{1B63A3AD-D771-4135-902E-A21CEBA9D87C}.Release|Any CPU.ActiveCfg = Release|Any CPU
		{1B63A3AD-D771-4135-902E-A21CEBA9D87C}.Release|Any CPU.Build.0 = Release|Any CPU
	EndGlobalSection
	GlobalSection(SolutionProperties) = preSolution
		HideSolutionNode = FALSE
	EndGlobalSection
	GlobalSection(ExtensibilityGlobals) = postSolution
		SolutionGuid = {E5D993F5-C3FD-478D-859C-D4DDAA43F72B}
	EndGlobalSection
EndGlobal
